
Microsoft Visual Studio Solution File, Format Version 12.00
# Visual Studio Version 17
VisualStudioVersion = 17.2.32505.173
MinimumVisualStudioVersion = 10.0.40219.1
Project("{9A19103F-16F7-4668-BE54-9A1E7A4F7556}") = "ReverseAnalytics.Api", "Reverse-Analytics.Api\ReverseAnalytics.Api.csproj", "{AFA0E6D9-9E5E-494E-9CF1-1DFA64548DE1}"
EndProject
Project("{9A19103F-16F7-4668-BE54-9A1E7A4F7556}") = "ReverseAnalytics.Domain", "ReverseAnalytics.Domain\ReverseAnalytics.Domain.csproj", "{DB9201EC-2CAC-4E36-BB1C-E25966E7B417}"
EndProject
Project("{9A19103F-16F7-4668-BE54-9A1E7A4F7556}") = "ReverseAnalytics.Infrastructure", "ReverseAnalytics.Infrastructure\ReverseAnalytics.Infrastructure.csproj", "{1F92F8F0-A90D-490E-8DDF-642C6F179E04}"
EndProject
Project("{9A19103F-16F7-4668-BE54-9A1E7A4F7556}") = "ReverseAnalytics.TestDataCreator", "ReverseAnalytics.TestDataCreator\ReverseAnalytics.TestDataCreator.csproj", "{BC2C2A53-2414-4CC4-B89A-1A0889516F10}"
EndProject
Project("{9A19103F-16F7-4668-BE54-9A1E7A4F7556}") = "ReverseAnalytics.Migrations.Sqlite", "Migrations\ReverseAnalytics.Migrations.Sqlite\ReverseAnalytics.Migrations.Sqlite.csproj", "{6863C9D3-3718-468C-90E6-CFF14663E70B}"
EndProject
Project("{9A19103F-16F7-4668-BE54-9A1E7A4F7556}") = "ReverseAnalytics.Migrations.SqlServer", "Migrations\ReverseAnalytics.Migrations.SqlServer\ReverseAnalytics.Migrations.SqlServer.csproj", "{BFDF8903-DF51-46A8-8436-D7054A61B47D}"
EndProject
Project("{2150E333-8FDC-42A3-9474-1A3956D46DE8}") = "Migrations", "Migrations", "{E83F6F45-0BBA-48B6-9D31-A4749A435983}"
EndProject
Project("{9A19103F-16F7-4668-BE54-9A1E7A4F7556}") = "ReverseAnalytics.Services", "ReverseAnalytics.Services\ReverseAnalytics.Services.csproj", "{E8F4610B-0CDB-491C-A260-8DAE4025522E}"
EndProject
Global
	GlobalSection(SolutionConfigurationPlatforms) = preSolution
		Debug|Any CPU = Debug|Any CPU
		Release|Any CPU = Release|Any CPU
	EndGlobalSection
	GlobalSection(ProjectConfigurationPlatforms) = postSolution
		{AFA0E6D9-9E5E-494E-9CF1-1DFA64548DE1}.Debug|Any CPU.ActiveCfg = Debug|Any CPU
		{AFA0E6D9-9E5E-494E-9CF1-1DFA64548DE1}.Debug|Any CPU.Build.0 = Debug|Any CPU
		{AFA0E6D9-9E5E-494E-9CF1-1DFA64548DE1}.Release|Any CPU.ActiveCfg = Release|Any CPU
		{AFA0E6D9-9E5E-494E-9CF1-1DFA64548DE1}.Release|Any CPU.Build.0 = Release|Any CPU
		{DB9201EC-2CAC-4E36-BB1C-E25966E7B417}.Debug|Any CPU.ActiveCfg = Debug|Any CPU
		{DB9201EC-2CAC-4E36-BB1C-E25966E7B417}.Debug|Any CPU.Build.0 = Debug|Any CPU
		{DB9201EC-2CAC-4E36-BB1C-E25966E7B417}.Release|Any CPU.ActiveCfg = Release|Any CPU
		{DB9201EC-2CAC-4E36-BB1C-E25966E7B417}.Release|Any CPU.Build.0 = Release|Any CPU
		{1F92F8F0-A90D-490E-8DDF-642C6F179E04}.Debug|Any CPU.ActiveCfg = Debug|Any CPU
		{1F92F8F0-A90D-490E-8DDF-642C6F179E04}.Debug|Any CPU.Build.0 = Debug|Any CPU
		{1F92F8F0-A90D-490E-8DDF-642C6F179E04}.Release|Any CPU.ActiveCfg = Release|Any CPU
		{1F92F8F0-A90D-490E-8DDF-642C6F179E04}.Release|Any CPU.Build.0 = Release|Any CPU
		{BC2C2A53-2414-4CC4-B89A-1A0889516F10}.Debug|Any CPU.ActiveCfg = Debug|Any CPU
		{BC2C2A53-2414-4CC4-B89A-1A0889516F10}.Debug|Any CPU.Build.0 = Debug|Any CPU
		{BC2C2A53-2414-4CC4-B89A-1A0889516F10}.Release|Any CPU.ActiveCfg = Release|Any CPU
		{BC2C2A53-2414-4CC4-B89A-1A0889516F10}.Release|Any CPU.Build.0 = Release|Any CPU
		{6863C9D3-3718-468C-90E6-CFF14663E70B}.Debug|Any CPU.ActiveCfg = Debug|Any CPU
		{6863C9D3-3718-468C-90E6-CFF14663E70B}.Debug|Any CPU.Build.0 = Debug|Any CPU
		{6863C9D3-3718-468C-90E6-CFF14663E70B}.Release|Any CPU.ActiveCfg = Release|Any CPU
		{6863C9D3-3718-468C-90E6-CFF14663E70B}.Release|Any CPU.Build.0 = Release|Any CPU
		{BFDF8903-DF51-46A8-8436-D7054A61B47D}.Debug|Any CPU.ActiveCfg = Debug|Any CPU
		{BFDF8903-DF51-46A8-8436-D7054A61B47D}.Debug|Any CPU.Build.0 = Debug|Any CPU
		{BFDF8903-DF51-46A8-8436-D7054A61B47D}.Release|Any CPU.ActiveCfg = Release|Any CPU
		{BFDF8903-DF51-46A8-8436-D7054A61B47D}.Release|Any CPU.Build.0 = Release|Any CPU
		{E8F4610B-0CDB-491C-A260-8DAE4025522E}.Debug|Any CPU.ActiveCfg = Debug|Any CPU
		{E8F4610B-0CDB-491C-A260-8DAE4025522E}.Debug|Any CPU.Build.0 = Debug|Any CPU
		{E8F4610B-0CDB-491C-A260-8DAE4025522E}.Release|Any CPU.ActiveCfg = Release|Any CPU
		{E8F4610B-0CDB-491C-A260-8DAE4025522E}.Release|Any CPU.Build.0 = Release|Any CPU
	EndGlobalSection
	GlobalSection(SolutionProperties) = preSolution
		HideSolutionNode = FALSE
	EndGlobalSection
	GlobalSection(NestedProjects) = preSolution
		{6863C9D3-3718-468C-90E6-CFF14663E70B} = {E83F6F45-0BBA-48B6-9D31-A4749A435983}
		{BFDF8903-DF51-46A8-8436-D7054A61B47D} = {E83F6F45-0BBA-48B6-9D31-A4749A435983}
	EndGlobalSection
	GlobalSection(ExtensibilityGlobals) = postSolution
		SolutionGuid = {AB93A27F-394C-45FF-B005-7DDE4ED5800A}
	EndGlobalSection
EndGlobal
