
Microsoft Visual Studio Solution File, Format Version 12.00
# Visual Studio Version 17
VisualStudioVersion = 17.2.32505.173
MinimumVisualStudioVersion = 10.0.40219.1
Project("{9A19103F-16F7-4668-BE54-9A1E7A4F7556}") = "ReverseAnalytics.Api", "Reverse-Analytics.Api\ReverseAnalytics.Api.csproj", "{AFA0E6D9-9E5E-494E-9CF1-1DFA64548DE1}"
EndProject
Project("{9A19103F-16F7-4668-BE54-9A1E7A4F7556}") = "ReverseAnalytics.Domain", "ReverseAnalytics.Domain\ReverseAnalytics.Domain.csproj", "{DB9201EC-2CAC-4E36-BB1C-E25966E7B417}"
EndProject
Project("{9A19103F-16F7-4668-BE54-9A1E7A4F7556}") = "ReverseAnalytics.Infrastructure", "ReverseAnalytics.Infrastructure\ReverseAnalytics.Infrastructure.csproj", "{1F92F8F0-A90D-490E-8DDF-642C6F179E04}"
EndProject
Project("{9A19103F-16F7-4668-BE54-9A1E7A4F7556}") = "ReverseAnalytics.Repositories", "ReverseAnalytics.Repositories\ReverseAnalytics.Repositories.csproj", "{8B43698A-72CC-448E-9D88-EA36B36757EF}"
EndProject
Project("{9A19103F-16F7-4668-BE54-9A1E7A4F7556}") = "ReverseAnalytics.Services", "ReverseAnalytics.Services\ReverseAnalytics.Services.csproj", "{C90C86A0-123C-4F88-B9B0-813D518A5E38}"
EndProject
Project("{9A19103F-16F7-4668-BE54-9A1E7A4F7556}") = "ReverseAnalytics.Tests.Unit", "Tests\ReverseAnalytics.Tests.Unit\ReverseAnalytics.Tests.Unit.csproj", "{7803B4FC-D79D-484B-B72B-CCDED305F9F3}"
EndProject
Project("{FAE04EC0-301F-11D3-BF4B-00C04F79EFBC}") = "ReverseAnalytics.TestDataCreator", "ReverseAnalytics.TestDataCreator\ReverseAnalytics.TestDataCreator.csproj", "{BC2C2A53-2414-4CC4-B89A-1A0889516F10}"
EndProject
Global
	GlobalSection(SolutionConfigurationPlatforms) = preSolution
		Debug|Any CPU = Debug|Any CPU
		Release|Any CPU = Release|Any CPU
	EndGlobalSection
	GlobalSection(ProjectConfigurationPlatforms) = postSolution
		{AFA0E6D9-9E5E-494E-9CF1-1DFA64548DE1}.Debug|Any CPU.ActiveCfg = Debug|Any CPU
		{AFA0E6D9-9E5E-494E-9CF1-1DFA64548DE1}.Debug|Any CPU.Build.0 = Debug|Any CPU
		{AFA0E6D9-9E5E-494E-9CF1-1DFA64548DE1}.Release|Any CPU.ActiveCfg = Release|Any CPU
		{AFA0E6D9-9E5E-494E-9CF1-1DFA64548DE1}.Release|Any CPU.Build.0 = Release|Any CPU
		{DB9201EC-2CAC-4E36-BB1C-E25966E7B417}.Debug|Any CPU.ActiveCfg = Debug|Any CPU
		{DB9201EC-2CAC-4E36-BB1C-E25966E7B417}.Debug|Any CPU.Build.0 = Debug|Any CPU
		{DB9201EC-2CAC-4E36-BB1C-E25966E7B417}.Release|Any CPU.ActiveCfg = Release|Any CPU
		{DB9201EC-2CAC-4E36-BB1C-E25966E7B417}.Release|Any CPU.Build.0 = Release|Any CPU
		{1F92F8F0-A90D-490E-8DDF-642C6F179E04}.Debug|Any CPU.ActiveCfg = Debug|Any CPU
		{1F92F8F0-A90D-490E-8DDF-642C6F179E04}.Debug|Any CPU.Build.0 = Debug|Any CPU
		{1F92F8F0-A90D-490E-8DDF-642C6F179E04}.Release|Any CPU.ActiveCfg = Release|Any CPU
		{1F92F8F0-A90D-490E-8DDF-642C6F179E04}.Release|Any CPU.Build.0 = Release|Any CPU
		{8B43698A-72CC-448E-9D88-EA36B36757EF}.Debug|Any CPU.ActiveCfg = Debug|Any CPU
		{8B43698A-72CC-448E-9D88-EA36B36757EF}.Debug|Any CPU.Build.0 = Debug|Any CPU
		{8B43698A-72CC-448E-9D88-EA36B36757EF}.Release|Any CPU.ActiveCfg = Release|Any CPU
		{8B43698A-72CC-448E-9D88-EA36B36757EF}.Release|Any CPU.Build.0 = Release|Any CPU
		{C90C86A0-123C-4F88-B9B0-813D518A5E38}.Debug|Any CPU.ActiveCfg = Debug|Any CPU
		{C90C86A0-123C-4F88-B9B0-813D518A5E38}.Debug|Any CPU.Build.0 = Debug|Any CPU
		{C90C86A0-123C-4F88-B9B0-813D518A5E38}.Release|Any CPU.ActiveCfg = Release|Any CPU
		{C90C86A0-123C-4F88-B9B0-813D518A5E38}.Release|Any CPU.Build.0 = Release|Any CPU
		{7803B4FC-D79D-484B-B72B-CCDED305F9F3}.Debug|Any CPU.ActiveCfg = Debug|Any CPU
		{7803B4FC-D79D-484B-B72B-CCDED305F9F3}.Debug|Any CPU.Build.0 = Debug|Any CPU
		{7803B4FC-D79D-484B-B72B-CCDED305F9F3}.Release|Any CPU.ActiveCfg = Release|Any CPU
		{7803B4FC-D79D-484B-B72B-CCDED305F9F3}.Release|Any CPU.Build.0 = Release|Any CPU
		{BC2C2A53-2414-4CC4-B89A-1A0889516F10}.Debug|Any CPU.ActiveCfg = Debug|Any CPU
		{BC2C2A53-2414-4CC4-B89A-1A0889516F10}.Debug|Any CPU.Build.0 = Debug|Any CPU
		{BC2C2A53-2414-4CC4-B89A-1A0889516F10}.Release|Any CPU.ActiveCfg = Release|Any CPU
		{BC2C2A53-2414-4CC4-B89A-1A0889516F10}.Release|Any CPU.Build.0 = Release|Any CPU
	EndGlobalSection
	GlobalSection(SolutionProperties) = preSolution
		HideSolutionNode = FALSE
	EndGlobalSection
	GlobalSection(ExtensibilityGlobals) = postSolution
		SolutionGuid = {AB93A27F-394C-45FF-B005-7DDE4ED5800A}
	EndGlobalSection
EndGlobal
